// !$*UTF8*$!
{
	archiveVersion = 1;
	classes = {
	};
	objectVersion = 48;
	objects = {

/* Begin PBXBuildFile section */
		8812D705200A7F6A0015BCB1 /* RecordSoundsViewController.swift in Sources */ = {isa = PBXBuildFile; fileRef = 8812D704200A7F6A0015BCB1 /* RecordSoundsViewController.swift */; };
		888793FA200D443100502F80 /* PlaySoundsViewController.swift in Sources */ = {isa = PBXBuildFile; fileRef = 888793F9200D443100502F80 /* PlaySoundsViewController.swift */; };
		888793FC200D6D3200502F80 /* PlaySoundsViewController+Audio.swift in Sources */ = {isa = PBXBuildFile; fileRef = 888793FB200D6D3200502F80 /* PlaySoundsViewController+Audio.swift */; };
		88C058762009AAA30058CBF8 /* AppDelegate.swift in Sources */ = {isa = PBXBuildFile; fileRef = 88C058752009AAA30058CBF8 /* AppDelegate.swift */; };
		88C0587B2009AAA30058CBF8 /* Main.storyboard in Resources */ = {isa = PBXBuildFile; fileRef = 88C058792009AAA30058CBF8 /* Main.storyboard */; };
		88C0587D2009AAA30058CBF8 /* Assets.xcassets in Resources */ = {isa = PBXBuildFile; fileRef = 88C0587C2009AAA30058CBF8 /* Assets.xcassets */; };
		88C058802009AAA30058CBF8 /* LaunchScreen.storyboard in Resources */ = {isa = PBXBuildFile; fileRef = 88C0587E2009AAA30058CBF8 /* LaunchScreen.storyboard */; };
		88C0588B2009AAA30058CBF8 /* PitchPerfectTests.swift in Sources */ = {isa = PBXBuildFile; fileRef = 88C0588A2009AAA30058CBF8 /* PitchPerfectTests.swift */; };
		88C058962009AAA30058CBF8 /* PitchPerfectUITests.swift in Sources */ = {isa = PBXBuildFile; fileRef = 88C058952009AAA30058CBF8 /* PitchPerfectUITests.swift */; };
/* End PBXBuildFile section */

/* Begin PBXContainerItemProxy section */
		88C058872009AAA30058CBF8 /* PBXContainerItemProxy */ = {
			isa = PBXContainerItemProxy;
			containerPortal = 88C0586A2009AAA20058CBF8 /* Project object */;
			proxyType = 1;
			remoteGlobalIDString = 88C058712009AAA20058CBF8;
			remoteInfo = PitchPerfect;
		};
		88C058922009AAA30058CBF8 /* PBXContainerItemProxy */ = {
			isa = PBXContainerItemProxy;
			containerPortal = 88C0586A2009AAA20058CBF8 /* Project object */;
			proxyType = 1;
			remoteGlobalIDString = 88C058712009AAA20058CBF8;
			remoteInfo = PitchPerfect;
		};
/* End PBXContainerItemProxy section */

/* Begin PBXFileReference section */
		8812D704200A7F6A0015BCB1 /* RecordSoundsViewController.swift */ = {isa = PBXFileReference; fileEncoding = 4; lastKnownFileType = sourcecode.swift; path = RecordSoundsViewController.swift; sourceTree = "<group>"; };
		888793F9200D443100502F80 /* PlaySoundsViewController.swift */ = {isa = PBXFileReference; lastKnownFileType = sourcecode.swift; path = PlaySoundsViewController.swift; sourceTree = "<group>"; };
		888793FB200D6D3200502F80 /* PlaySoundsViewController+Audio.swift */ = {isa = PBXFileReference; lastKnownFileType = sourcecode.swift; path = "PlaySoundsViewController+Audio.swift"; sourceTree = "<group>"; };
		88C058722009AAA20058CBF8 /* PitchPerfect.app */ = {isa = PBXFileReference; explicitFileType = wrapper.application; includeInIndex = 0; path = PitchPerfect.app; sourceTree = BUILT_PRODUCTS_DIR; };
		88C058752009AAA30058CBF8 /* AppDelegate.swift */ = {isa = PBXFileReference; lastKnownFileType = sourcecode.swift; path = AppDelegate.swift; sourceTree = "<group>"; };
		88C0587A2009AAA30058CBF8 /* Base */ = {isa = PBXFileReference; lastKnownFileType = file.storyboard; name = Base; path = Base.lproj/Main.storyboard; sourceTree = "<group>"; };
		88C0587C2009AAA30058CBF8 /* Assets.xcassets */ = {isa = PBXFileReference; lastKnownFileType = folder.assetcatalog; path = Assets.xcassets; sourceTree = "<group>"; };
		88C0587F2009AAA30058CBF8 /* Base */ = {isa = PBXFileReference; lastKnownFileType = file.storyboard; name = Base; path = Base.lproj/LaunchScreen.storyboard; sourceTree = "<group>"; };
		88C058812009AAA30058CBF8 /* Info.plist */ = {isa = PBXFileReference; lastKnownFileType = text.plist.xml; path = Info.plist; sourceTree = "<group>"; };
		88C058862009AAA30058CBF8 /* PitchPerfectTests.xctest */ = {isa = PBXFileReference; explicitFileType = wrapper.cfbundle; includeInIndex = 0; path = PitchPerfectTests.xctest; sourceTree = BUILT_PRODUCTS_DIR; };
		88C0588A2009AAA30058CBF8 /* PitchPerfectTests.swift */ = {isa = PBXFileReference; lastKnownFileType = sourcecode.swift; path = PitchPerfectTests.swift; sourceTree = "<group>"; };
		88C0588C2009AAA30058CBF8 /* Info.plist */ = {isa = PBXFileReference; lastKnownFileType = text.plist.xml; path = Info.plist; sourceTree = "<group>"; };
		88C058912009AAA30058CBF8 /* PitchPerfectUITests.xctest */ = {isa = PBXFileReference; explicitFileType = wrapper.cfbundle; includeInIndex = 0; path = PitchPerfectUITests.xctest; sourceTree = BUILT_PRODUCTS_DIR; };
		88C058952009AAA30058CBF8 /* PitchPerfectUITests.swift */ = {isa = PBXFileReference; lastKnownFileType = sourcecode.swift; path = PitchPerfectUITests.swift; sourceTree = "<group>"; };
		88C058972009AAA30058CBF8 /* Info.plist */ = {isa = PBXFileReference; lastKnownFileType = text.plist.xml; path = Info.plist; sourceTree = "<group>"; };
/* End PBXFileReference section */

/* Begin PBXFrameworksBuildPhase section */
		88C0586F2009AAA20058CBF8 /* Frameworks */ = {
			isa = PBXFrameworksBuildPhase;
			buildActionMask = 2147483647;
			files = (
			);
			runOnlyForDeploymentPostprocessing = 0;
		};
		88C058832009AAA30058CBF8 /* Frameworks */ = {
			isa = PBXFrameworksBuildPhase;
			buildActionMask = 2147483647;
			files = (
			);
			runOnlyForDeploymentPostprocessing = 0;
		};
		88C0588E2009AAA30058CBF8 /* Frameworks */ = {
			isa = PBXFrameworksBuildPhase;
			buildActionMask = 2147483647;
			files = (
			);
			runOnlyForDeploymentPostprocessing = 0;
		};
/* End PBXFrameworksBuildPhase section */

/* Begin PBXGroup section */
		88C058692009AAA20058CBF8 = {
			isa = PBXGroup;
			children = (
				88C058742009AAA20058CBF8 /* PitchPerfect */,
				88C058892009AAA30058CBF8 /* PitchPerfectTests */,
				88C058942009AAA30058CBF8 /* PitchPerfectUITests */,
				88C058732009AAA20058CBF8 /* Products */,
			);
			sourceTree = "<group>";
		};
		88C058732009AAA20058CBF8 /* Products */ = {
			isa = PBXGroup;
			children = (
				88C058722009AAA20058CBF8 /* PitchPerfect.app */,
				88C058862009AAA30058CBF8 /* PitchPerfectTests.xctest */,
				88C058912009AAA30058CBF8 /* PitchPerfectUITests.xctest */,
			);
			name = Products;
			sourceTree = "<group>";
		};
		88C058742009AAA20058CBF8 /* PitchPerfect */ = {
			isa = PBXGroup;
			children = (
				8812D704200A7F6A0015BCB1 /* RecordSoundsViewController.swift */,
				88C058752009AAA30058CBF8 /* AppDelegate.swift */,
				88C058792009AAA30058CBF8 /* Main.storyboard */,
				88C0587C2009AAA30058CBF8 /* Assets.xcassets */,
				88C0587E2009AAA30058CBF8 /* LaunchScreen.storyboard */,
				88C058812009AAA30058CBF8 /* Info.plist */,
				888793F9200D443100502F80 /* PlaySoundsViewController.swift */,
				888793FB200D6D3200502F80 /* PlaySoundsViewController+Audio.swift */,
			);
			path = PitchPerfect;
			sourceTree = "<group>";
		};
		88C058892009AAA30058CBF8 /* PitchPerfectTests */ = {
			isa = PBXGroup;
			children = (
				88C0588A2009AAA30058CBF8 /* PitchPerfectTests.swift */,
				88C0588C2009AAA30058CBF8 /* Info.plist */,
			);
			path = PitchPerfectTests;
			sourceTree = "<group>";
		};
		88C058942009AAA30058CBF8 /* PitchPerfectUITests */ = {
			isa = PBXGroup;
			children = (
				88C058952009AAA30058CBF8 /* PitchPerfectUITests.swift */,
				88C058972009AAA30058CBF8 /* Info.plist */,
			);
			path = PitchPerfectUITests;
			sourceTree = "<group>";
		};
/* End PBXGroup section */

/* Begin PBXNativeTarget section */
		88C058712009AAA20058CBF8 /* PitchPerfect */ = {
			isa = PBXNativeTarget;
			buildConfigurationList = 88C0589A2009AAA30058CBF8 /* Build configuration list for PBXNativeTarget "PitchPerfect" */;
			buildPhases = (
				88C0586E2009AAA20058CBF8 /* Sources */,
				88C0586F2009AAA20058CBF8 /* Frameworks */,
				88C058702009AAA20058CBF8 /* Resources */,
			);
			buildRules = (
			);
			dependencies = (
			);
			name = PitchPerfect;
			productName = PitchPerfect;
			productReference = 88C058722009AAA20058CBF8 /* PitchPerfect.app */;
			productType = "com.apple.product-type.application";
		};
		88C058852009AAA30058CBF8 /* PitchPerfectTests */ = {
			isa = PBXNativeTarget;
			buildConfigurationList = 88C0589D2009AAA30058CBF8 /* Build configuration list for PBXNativeTarget "PitchPerfectTests" */;
			buildPhases = (
				88C058822009AAA30058CBF8 /* Sources */,
				88C058832009AAA30058CBF8 /* Frameworks */,
				88C058842009AAA30058CBF8 /* Resources */,
			);
			buildRules = (
			);
			dependencies = (
				88C058882009AAA30058CBF8 /* PBXTargetDependency */,
			);
			name = PitchPerfectTests;
			productName = PitchPerfectTests;
			productReference = 88C058862009AAA30058CBF8 /* PitchPerfectTests.xctest */;
			productType = "com.apple.product-type.bundle.unit-test";
		};
		88C058902009AAA30058CBF8 /* PitchPerfectUITests */ = {
			isa = PBXNativeTarget;
			buildConfigurationList = 88C058A02009AAA30058CBF8 /* Build configuration list for PBXNativeTarget "PitchPerfectUITests" */;
			buildPhases = (
				88C0588D2009AAA30058CBF8 /* Sources */,
				88C0588E2009AAA30058CBF8 /* Frameworks */,
				88C0588F2009AAA30058CBF8 /* Resources */,
			);
			buildRules = (
			);
			dependencies = (
				88C058932009AAA30058CBF8 /* PBXTargetDependency */,
			);
			name = PitchPerfectUITests;
			productName = PitchPerfectUITests;
			productReference = 88C058912009AAA30058CBF8 /* PitchPerfectUITests.xctest */;
			productType = "com.apple.product-type.bundle.ui-testing";
		};
/* End PBXNativeTarget section */

/* Begin PBXProject section */
		88C0586A2009AAA20058CBF8 /* Project object */ = {
			isa = PBXProject;
			attributes = {
				LastSwiftUpdateCheck = 0920;
				LastUpgradeCheck = 0920;
				ORGANIZATIONNAME = "Floyd Chen";
				TargetAttributes = {
					88C058712009AAA20058CBF8 = {
						CreatedOnToolsVersion = 9.2;
						ProvisioningStyle = Automatic;
					};
					88C058852009AAA30058CBF8 = {
						CreatedOnToolsVersion = 9.2;
						ProvisioningStyle = Automatic;
						TestTargetID = 88C058712009AAA20058CBF8;
					};
					88C058902009AAA30058CBF8 = {
						CreatedOnToolsVersion = 9.2;
						ProvisioningStyle = Automatic;
						TestTargetID = 88C058712009AAA20058CBF8;
					};
				};
			};
			buildConfigurationList = 88C0586D2009AAA20058CBF8 /* Build configuration list for PBXProject "PitchPerfect" */;
			compatibilityVersion = "Xcode 8.0";
			developmentRegion = en;
			hasScannedForEncodings = 0;
			knownRegions = (
				en,
				Base,
			);
			mainGroup = 88C058692009AAA20058CBF8;
			productRefGroup = 88C058732009AAA20058CBF8 /* Products */;
			projectDirPath = "";
			projectRoot = "";
			targets = (
				88C058712009AAA20058CBF8 /* PitchPerfect */,
				88C058852009AAA30058CBF8 /* PitchPerfectTests */,
				88C058902009AAA30058CBF8 /* PitchPerfectUITests */,
			);
		};
/* End PBXProject section */

/* Begin PBXResourcesBuildPhase section */
		88C058702009AAA20058CBF8 /* Resources */ = {
			isa = PBXResourcesBuildPhase;
			buildActionMask = 2147483647;
			files = (
				88C058802009AAA30058CBF8 /* LaunchScreen.storyboard in Resources */,
				88C0587D2009AAA30058CBF8 /* Assets.xcassets in Resources */,
				88C0587B2009AAA30058CBF8 /* Main.storyboard in Resources */,
			);
			runOnlyForDeploymentPostprocessing = 0;
		};
		88C058842009AAA30058CBF8 /* Resources */ = {
			isa = PBXResourcesBuildPhase;
			buildActionMask = 2147483647;
			files = (
			);
			runOnlyForDeploymentPostprocessing = 0;
		};
		88C0588F2009AAA30058CBF8 /* Resources */ = {
			isa = PBXResourcesBuildPhase;
			buildActionMask = 2147483647;
			files = (
			);
			runOnlyForDeploymentPostprocessing = 0;
		};
/* End PBXResourcesBuildPhase section */

/* Begin PBXSourcesBuildPhase section */
		88C0586E2009AAA20058CBF8 /* Sources */ = {
			isa = PBXSourcesBuildPhase;
			buildActionMask = 2147483647;
			files = (
				8812D705200A7F6A0015BCB1 /* RecordSoundsViewController.swift in Sources */,
				888793FA200D443100502F80 /* PlaySoundsViewController.swift in Sources */,
				88C058762009AAA30058CBF8 /* AppDelegate.swift in Sources */,
				888793FC200D6D3200502F80 /* PlaySoundsViewController+Audio.swift in Sources */,
			);
			runOnlyForDeploymentPostprocessing = 0;
		};
		88C058822009AAA30058CBF8 /* Sources */ = {
			isa = PBXSourcesBuildPhase;
			buildActionMask = 2147483647;
			files = (
				88C0588B2009AAA30058CBF8 /* PitchPerfectTests.swift in Sources */,
			);
			runOnlyForDeploymentPostprocessing = 0;
		};
		88C0588D2009AAA30058CBF8 /* Sources */ = {
			isa = PBXSourcesBuildPhase;
			buildActionMask = 2147483647;
			files = (
				88C058962009AAA30058CBF8 /* PitchPerfectUITests.swift in Sources */,
			);
			runOnlyForDeploymentPostprocessing = 0;
		};
/* End PBXSourcesBuildPhase section */

/* Begin PBXTargetDependency section */
		88C058882009AAA30058CBF8 /* PBXTargetDependency */ = {
			isa = PBXTargetDependency;
			target = 88C058712009AAA20058CBF8 /* PitchPerfect */;
			targetProxy = 88C058872009AAA30058CBF8 /* PBXContainerItemProxy */;
		};
		88C058932009AAA30058CBF8 /* PBXTargetDependency */ = {
			isa = PBXTargetDependency;
			target = 88C058712009AAA20058CBF8 /* PitchPerfect */;
			targetProxy = 88C058922009AAA30058CBF8 /* PBXContainerItemProxy */;
		};
/* End PBXTargetDependency section */

/* Begin PBXVariantGroup section */
		88C058792009AAA30058CBF8 /* Main.storyboard */ = {
			isa = PBXVariantGroup;
			children = (
				88C0587A2009AAA30058CBF8 /* Base */,
			);
			name = Main.storyboard;
			sourceTree = "<group>";
		};
		88C0587E2009AAA30058CBF8 /* LaunchScreen.storyboard */ = {
			isa = PBXVariantGroup;
			children = (
				88C0587F2009AAA30058CBF8 /* Base */,
			);
			name = LaunchScreen.storyboard;
			sourceTree = "<group>";
		};
/* End PBXVariantGroup section */

/* Begin XCBuildConfiguration section */
		88C058982009AAA30058CBF8 /* Debug */ = {
			isa = XCBuildConfiguration;
			buildSettings = {
				ALWAYS_SEARCH_USER_PATHS = NO;
				CLANG_ANALYZER_NONNULL = YES;
				CLANG_ANALYZER_NUMBER_OBJECT_CONVERSION = YES_AGGRESSIVE;
				CLANG_CXX_LANGUAGE_STANDARD = "gnu++14";
				CLANG_CXX_LIBRARY = "libc++";
				CLANG_ENABLE_MODULES = YES;
				CLANG_ENABLE_OBJC_ARC = YES;
				CLANG_WARN_BLOCK_CAPTURE_AUTORELEASING = YES;
				CLANG_WARN_BOOL_CONVERSION = YES;
				CLANG_WARN_COMMA = YES;
				CLANG_WARN_CONSTANT_CONVERSION = YES;
				CLANG_WARN_DIRECT_OBJC_ISA_USAGE = YES_ERROR;
				CLANG_WARN_DOCUMENTATION_COMMENTS = YES;
				CLANG_WARN_EMPTY_BODY = YES;
				CLANG_WARN_ENUM_CONVERSION = YES;
				CLANG_WARN_INFINITE_RECURSION = YES;
				CLANG_WARN_INT_CONVERSION = YES;
				CLANG_WARN_NON_LITERAL_NULL_CONVERSION = YES;
				CLANG_WARN_OBJC_LITERAL_CONVERSION = YES;
				CLANG_WARN_OBJC_ROOT_CLASS = YES_ERROR;
				CLANG_WARN_RANGE_LOOP_ANALYSIS = YES;
				CLANG_WARN_STRICT_PROTOTYPES = YES;
				CLANG_WARN_SUSPICIOUS_MOVE = YES;
				CLANG_WARN_UNGUARDED_AVAILABILITY = YES_AGGRESSIVE;
				CLANG_WARN_UNREACHABLE_CODE = YES;
				CLANG_WARN__DUPLICATE_METHOD_MATCH = YES;
				CODE_SIGN_IDENTITY = "iPhone Developer";
				COPY_PHASE_STRIP = NO;
				DEBUG_INFORMATION_FORMAT = dwarf;
				ENABLE_STRICT_OBJC_MSGSEND = YES;
				ENABLE_TESTABILITY = YES;
				GCC_C_LANGUAGE_STANDARD = gnu11;
				GCC_DYNAMIC_NO_PIC = NO;
				GCC_NO_COMMON_BLOCKS = YES;
				GCC_OPTIMIZATION_LEVEL = 0;
				GCC_PREPROCESSOR_DEFINITIONS = (
					"DEBUG=1",
					"$(inherited)",
				);
				GCC_WARN_64_TO_32_BIT_CONVERSION = YES;
				GCC_WARN_ABOUT_RETURN_TYPE = YES_ERROR;
				GCC_WARN_UNDECLARED_SELECTOR = YES;
				GCC_WARN_UNINITIALIZED_AUTOS = YES_AGGRESSIVE;
				GCC_WARN_UNUSED_FUNCTION = YES;
				GCC_WARN_UNUSED_VARIABLE = YES;
				IPHONEOS_DEPLOYMENT_TARGET = 11.2;
				MTL_ENABLE_DEBUG_INFO = YES;
				ONLY_ACTIVE_ARCH = YES;
				SDKROOT = iphoneos;
				SWIFT_ACTIVE_COMPILATION_CONDITIONS = DEBUG;
				SWIFT_OPTIMIZATION_LEVEL = "-Onone";
			};
			name = Debug;
		};
		88C058992009AAA30058CBF8 /* Release */ = {
			isa = XCBuildConfiguration;
			buildSettings = {
				ALWAYS_SEARCH_USER_PATHS = NO;
				CLANG_ANALYZER_NONNULL = YES;
				CLANG_ANALYZER_NUMBER_OBJECT_CONVERSION = YES_AGGRESSIVE;
				CLANG_CXX_LANGUAGE_STANDARD = "gnu++14";
				CLANG_CXX_LIBRARY = "libc++";
				CLANG_ENABLE_MODULES = YES;
				CLANG_ENABLE_OBJC_ARC = YES;
				CLANG_WARN_BLOCK_CAPTURE_AUTORELEASING = YES;
				CLANG_WARN_BOOL_CONVERSION = YES;
				CLANG_WARN_COMMA = YES;
				CLANG_WARN_CONSTANT_CONVERSION = YES;
				CLANG_WARN_DIRECT_OBJC_ISA_USAGE = YES_ERROR;
				CLANG_WARN_DOCUMENTATION_COMMENTS = YES;
				CLANG_WARN_EMPTY_BODY = YES;
				CLANG_WARN_ENUM_CONVERSION = YES;
				CLANG_WARN_INFINITE_RECURSION = YES;
				CLANG_WARN_INT_CONVERSION = YES;
				CLANG_WARN_NON_LITERAL_NULL_CONVERSION = YES;
				CLANG_WARN_OBJC_LITERAL_CONVERSION = YES;
				CLANG_WARN_OBJC_ROOT_CLASS = YES_ERROR;
				CLANG_WARN_RANGE_LOOP_ANALYSIS = YES;
				CLANG_WARN_STRICT_PROTOTYPES = YES;
				CLANG_WARN_SUSPICIOUS_MOVE = YES;
				CLANG_WARN_UNGUARDED_AVAILABILITY = YES_AGGRESSIVE;
				CLANG_WARN_UNREACHABLE_CODE = YES;
				CLANG_WARN__DUPLICATE_METHOD_MATCH = YES;
				CODE_SIGN_IDENTITY = "iPhone Developer";
				COPY_PHASE_STRIP = NO;
				DEBUG_INFORMATION_FORMAT = "dwarf-with-dsym";
				ENABLE_NS_ASSERTIONS = NO;
				ENABLE_STRICT_OBJC_MSGSEND = YES;
				GCC_C_LANGUAGE_STANDARD = gnu11;
				GCC_NO_COMMON_BLOCKS = YES;
				GCC_WARN_64_TO_32_BIT_CONVERSION = YES;
				GCC_WARN_ABOUT_RETURN_TYPE = YES_ERROR;
				GCC_WARN_UNDECLARED_SELECTOR = YES;
				GCC_WARN_UNINITIALIZED_AUTOS = YES_AGGRESSIVE;
				GCC_WARN_UNUSED_FUNCTION = YES;
				GCC_WARN_UNUSED_VARIABLE = YES;
				IPHONEOS_DEPLOYMENT_TARGET = 11.2;
				MTL_ENABLE_DEBUG_INFO = NO;
				SDKROOT = iphoneos;
				SWIFT_OPTIMIZATION_LEVEL = "-Owholemodule";
				VALIDATE_PRODUCT = YES;
			};
			name = Release;
		};
		88C0589B2009AAA30058CBF8 /* Debug */ = {
			isa = XCBuildConfiguration;
			buildSettings = {
				ASSETCATALOG_COMPILER_APPICON_NAME = AppIcon;
				CODE_SIGN_STYLE = Automatic;
				DEVELOPMENT_TEAM = Y34VH27H3J;
				INFOPLIST_FILE = PitchPerfect/Info.plist;
				LD_RUNPATH_SEARCH_PATHS = "$(inherited) @executable_path/Frameworks";
				PRODUCT_BUNDLE_IDENTIFIER = floydc.PitchPerfect;
				PRODUCT_NAME = "$(TARGET_NAME)";
				SWIFT_VERSION = 4.0;
				TARGETED_DEVICE_FAMILY = "1,2";
			};
			name = Debug;
		};
		88C0589C2009AAA30058CBF8 /* Release */ = {
			isa = XCBuildConfiguration;
			buildSettings = {
				ASSETCATALOG_COMPILER_APPICON_NAME = AppIcon;
				CODE_SIGN_STYLE = Automatic;
				DEVELOPMENT_TEAM = Y34VH27H3J;
				INFOPLIST_FILE = PitchPerfect/Info.plist;
				LD_RUNPATH_SEARCH_PATHS = "$(inherited) @executable_path/Frameworks";
				PRODUCT_BUNDLE_IDENTIFIER = floydc.PitchPerfect;
				PRODUCT_NAME = "$(TARGET_NAME)";
				SWIFT_VERSION = 4.0;
				TARGETED_DEVICE_FAMILY = "1,2";
			};
			name = Release;
		};
		88C0589E2009AAA30058CBF8 /* Debug */ = {
			isa = XCBuildConfiguration;
			buildSettings = {
				ALWAYS_EMBED_SWIFT_STANDARD_LIBRARIES = YES;
				BUNDLE_LOADER = "$(TEST_HOST)";
				CODE_SIGN_STYLE = Automatic;
				INFOPLIST_FILE = PitchPerfectTests/Info.plist;
				LD_RUNPATH_SEARCH_PATHS = "$(inherited) @executable_path/Frameworks @loader_path/Frameworks";
				PRODUCT_BUNDLE_IDENTIFIER = floydc.PitchPerfectTests;
				PRODUCT_NAME = "$(TARGET_NAME)";
				SWIFT_VERSION = 4.0;
				TARGETED_DEVICE_FAMILY = "1,2";
				TEST_HOST = "$(BUILT_PRODUCTS_DIR)/PitchPerfect.app/PitchPerfect";
			};
			name = Debug;
		};
		88C0589F2009AAA30058CBF8 /* Release */ = {
			isa = XCBuildConfiguration;
			buildSettings = {
				ALWAYS_EMBED_SWIFT_STANDARD_LIBRARIES = YES;
				BUNDLE_LOADER = "$(TEST_HOST)";
				CODE_SIGN_STYLE = Automatic;
				INFOPLIST_FILE = PitchPerfectTests/Info.plist;
				LD_RUNPATH_SEARCH_PATHS = "$(inherited) @executable_path/Frameworks @loader_path/Frameworks";
				PRODUCT_BUNDLE_IDENTIFIER = floydc.PitchPerfectTests;
				PRODUCT_NAME = "$(TARGET_NAME)";
				SWIFT_VERSION = 4.0;
				TARGETED_DEVICE_FAMILY = "1,2";
				TEST_HOST = "$(BUILT_PRODUCTS_DIR)/PitchPerfect.app/PitchPerfect";
			};
			name = Release;
		};
		88C058A12009AAA30058CBF8 /* Debug */ = {
			isa = XCBuildConfiguration;
			buildSettings = {
				ALWAYS_EMBED_SWIFT_STANDARD_LIBRARIES = YES;
				CODE_SIGN_STYLE = Automatic;
				INFOPLIST_FILE = PitchPerfectUITests/Info.plist;
				LD_RUNPATH_SEARCH_PATHS = "$(inherited) @executable_path/Frameworks @loader_path/Frameworks";
				PRODUCT_BUNDLE_IDENTIFIER = floydc.PitchPerfectUITests;
				PRODUCT_NAME = "$(TARGET_NAME)";
				SWIFT_VERSION = 4.0;
				TARGETED_DEVICE_FAMILY = "1,2";
				TEST_TARGET_NAME = PitchPerfect;
			};
			name = Debug;
		};
		88C058A22009AAA30058CBF8 /* Release */ = {
			isa = XCBuildConfiguration;
			buildSettings = {
				ALWAYS_EMBED_SWIFT_STANDARD_LIBRARIES = YES;
				CODE_SIGN_STYLE = Automatic;
				INFOPLIST_FILE = PitchPerfectUITests/Info.plist;
				LD_RUNPATH_SEARCH_PATHS = "$(inherited) @executable_path/Frameworks @loader_path/Frameworks";
				PRODUCT_BUNDLE_IDENTIFIER = floydc.PitchPerfectUITests;
				PRODUCT_NAME = "$(TARGET_NAME)";
				SWIFT_VERSION = 4.0;
				TARGETED_DEVICE_FAMILY = "1,2";
				TEST_TARGET_NAME = PitchPerfect;
			};
			name = Release;
		};
/* End XCBuildConfiguration section */

/* Begin XCConfigurationList section */
		88C0586D2009AAA20058CBF8 /* Build configuration list for PBXProject "PitchPerfect" */ = {
			isa = XCConfigurationList;
			buildConfigurations = (
				88C058982009AAA30058CBF8 /* Debug */,
				88C058992009AAA30058CBF8 /* Release */,
			);
			defaultConfigurationIsVisible = 0;
			defaultConfigurationName = Release;
		};
		88C0589A2009AAA30058CBF8 /* Build configuration list for PBXNativeTarget "PitchPerfect" */ = {
			isa = XCConfigurationList;
			buildConfigurations = (
				88C0589B2009AAA30058CBF8 /* Debug */,
				88C0589C2009AAA30058CBF8 /* Release */,
			);
			defaultConfigurationIsVisible = 0;
			defaultConfigurationName = Release;
		};
		88C0589D2009AAA30058CBF8 /* Build configuration list for PBXNativeTarget "PitchPerfectTests" */ = {
			isa = XCConfigurationList;
			buildConfigurations = (
				88C0589E2009AAA30058CBF8 /* Debug */,
				88C0589F2009AAA30058CBF8 /* Release */,
			);
			defaultConfigurationIsVisible = 0;
			defaultConfigurationName = Release;
		};
		88C058A02009AAA30058CBF8 /* Build configuration list for PBXNativeTarget "PitchPerfectUITests" */ = {
			isa = XCConfigurationList;
			buildConfigurations = (
				88C058A12009AAA30058CBF8 /* Debug */,
				88C058A22009AAA30058CBF8 /* Release */,
			);
			defaultConfigurationIsVisible = 0;
			defaultConfigurationName = Release;
		};
/* End XCConfigurationList section */
	};
	rootObject = 88C0586A2009AAA20058CBF8 /* Project object */;
}
